Microsoft Visual Studio Solution File, Format Version 12.00
# Visual Studio Version 17
VisualStudioVersion = 17.5.2.0
MinimumVisualStudioVersion = 10.0.40219.1
Project("{FAE04EC0-301F-11D3-BF4B-00C04F79EFBC}") = "E-Commerce.Api", "E-Commerce.Api\E-Commerce.Api.csproj", "{7844962E-A1AA-F3DF-4BFB-98DC6F7D1D5B}"
EndProject
Project("{FAE04EC0-301F-11D3-BF4B-00C04F79EFBC}") = "E-Commerce.Application", "E-Commerce.Application\E-Commerce.Application.csproj", "{E010C83E-3882-41EB-07B0-0128F2127AB2}"
EndProject
Project("{FAE04EC0-301F-11D3-BF4B-00C04F79EFBC}") = "E-Commerce.Domain", "E-Commerce.Domain\E-Commerce.Domain.csproj", "{725BA24A-0345-F531-96B6-200DD6EE2D63}"
EndProject
Project("{FAE04EC0-301F-11D3-BF4B-00C04F79EFBC}") = "E-Commerce.Infrastructure", "E-Commerce.Infrastructure\E-Commerce.Infrastructure.csproj", "{507DD327-40BD-C284-9F34-1C336AB692D0}"
EndProject
Global
	GlobalSection(SolutionConfigurationPlatforms) = preSolution
		Debug|Any CPU = Debug|Any CPU
		Release|Any CPU = Release|Any CPU
	EndGlobalSection
	GlobalSection(ProjectConfigurationPlatforms) = postSolution
		{7844962E-A1AA-F3DF-4BFB-98DC6F7D1D5B}.Debug|Any CPU.ActiveCfg = Debug|Any CPU
		{7844962E-A1AA-F3DF-4BFB-98DC6F7D1D5B}.Debug|Any CPU.Build.0 = Debug|Any CPU
		{7844962E-A1AA-F3DF-4BFB-98DC6F7D1D5B}.Release|Any CPU.ActiveCfg = Release|Any CPU
		{7844962E-A1AA-F3DF-4BFB-98DC6F7D1D5B}.Release|Any CPU.Build.0 = Release|Any CPU
		{E010C83E-3882-41EB-07B0-0128F2127AB2}.Debug|Any CPU.ActiveCfg = Debug|Any CPU
		{E010C83E-3882-41EB-07B0-0128F2127AB2}.Debug|Any CPU.Build.0 = Debug|Any CPU
		{E010C83E-3882-41EB-07B0-0128F2127AB2}.Release|Any CPU.ActiveCfg = Release|Any CPU
		{E010C83E-3882-41EB-07B0-0128F2127AB2}.Release|Any CPU.Build.0 = Release|Any CPU
		{725BA24A-0345-F531-96B6-200DD6EE2D63}.Debug|Any CPU.ActiveCfg = Debug|Any CPU
		{725BA24A-0345-F531-96B6-200DD6EE2D63}.Debug|Any CPU.Build.0 = Debug|Any CPU
		{725BA24A-0345-F531-96B6-200DD6EE2D63}.Release|Any CPU.ActiveCfg = Release|Any CPU
		{725BA24A-0345-F531-96B6-200DD6EE2D63}.Release|Any CPU.Build.0 = Release|Any CPU
		{507DD327-40BD-C284-9F34-1C336AB692D0}.Debug|Any CPU.ActiveCfg = Debug|Any CPU
		{507DD327-40BD-C284-9F34-1C336AB692D0}.Debug|Any CPU.Build.0 = Debug|Any CPU
		{507DD327-40BD-C284-9F34-1C336AB692D0}.Release|Any CPU.ActiveCfg = Release|Any CPU
		{507DD327-40BD-C284-9F34-1C336AB692D0}.Release|Any CPU.Build.0 = Release|Any CPU
	EndGlobalSection
	GlobalSection(SolutionProperties) = preSolution
		HideSolutionNode = FALSE
	EndGlobalSection
	GlobalSection(ExtensibilityGlobals) = postSolution
		SolutionGuid = {80A6253D-463D-4EC9-8137-1FF8D1687CAE}
	EndGlobalSection
EndGlobal
